
Microsoft Visual Studio Solution File, Format Version 12.00
# Visual Studio Version 17
VisualStudioVersion = 17.9.34902.65
MinimumVisualStudioVersion = 10.0.40219.1
Project("{FAE04EC0-301F-11D3-BF4B-00C04F79EFBC}") = "ProyectoDemo3_1", "ProyectoDemo3_1.csproj", "{7BBD0214-8F31-4F12-975D-FD3B9D387A87}"
EndProject
Global
	GlobalSection(SolutionConfigurationPlatforms) = preSolution
		Debug|Any CPU = Debug|Any CPU
		Release|Any CPU = Release|Any CPU
	EndGlobalSection
	GlobalSection(ProjectConfigurationPlatforms) = postSolution
		{7BBD0214-8F31-4F12-975D-FD3B9D387A87}.Debug|Any CPU.ActiveCfg = Debug|Any CPU
		{7BBD0214-8F31-4F12-975D-FD3B9D387A87}.Debug|Any CPU.Build.0 = Debug|Any CPU
		{7BBD0214-8F31-4F12-975D-FD3B9D387A87}.Release|Any CPU.ActiveCfg = Release|Any CPU
		{7BBD0214-8F31-4F12-975D-FD3B9D387A87}.Release|Any CPU.Build.0 = Release|Any CPU
	EndGlobalSection
	GlobalSection(SolutionProperties) = preSolution
		HideSolutionNode = FALSE
	EndGlobalSection
	GlobalSection(ExtensibilityGlobals) = postSolution
		SolutionGuid = {A5CA4694-3B8D-4F2A-AD6D-8C647B07E0FC}
	EndGlobalSection
EndGlobal
